
Microsoft Visual Studio Solution File, Format Version 12.00
# Visual Studio 15
VisualStudioVersion = 15.0.28307.1259
MinimumVisualStudioVersion = 10.0.40219.1
Project("{888888A0-9F3D-457C-B088-3A5042F75D52}") = "web_scraper_live_demo", "web_scraper_live_demo\web_scraper_live_demo.pyproj", "{40A0CFFB-7B5F-41DE-B3BD-0A8746CEFB50}"
EndProject
Global
	GlobalSection(SolutionConfigurationPlatforms) = preSolution
		Debug|Any CPU = Debug|Any CPU
		Release|Any CPU = Release|Any CPU
	EndGlobalSection
	GlobalSection(ProjectConfigurationPlatforms) = postSolution
		{40A0CFFB-7B5F-41DE-B3BD-0A8746CEFB50}.Debug|Any CPU.ActiveCfg = Debug|Any CPU
		{40A0CFFB-7B5F-41DE-B3BD-0A8746CEFB50}.Release|Any CPU.ActiveCfg = Release|Any CPU
	EndGlobalSection
	GlobalSection(SolutionProperties) = preSolution
		HideSolutionNode = FALSE
	EndGlobalSection
	GlobalSection(ExtensibilityGlobals) = postSolution
		SolutionGuid = {01980D54-664E-4BD6-8EAF-876BB359A6C9}
	EndGlobalSection
EndGlobal
